
Microsoft Visual Studio Solution File, Format Version 12.00
# Visual Studio Version 17
VisualStudioVersion = 17.7.34009.444
MinimumVisualStudioVersion = 10.0.40219.1
Project("{FAE04EC0-301F-11D3-BF4B-00C04F79EFBC}") = "01-ASP.NET Core", "01-ASP.NET Core\01-ASP.NET Core.csproj", "{B82A91DD-4FD9-491A-A09B-744C1157DA08}"
EndProject
Global
	GlobalSection(SolutionConfigurationPlatforms) = preSolution
		Debug|Any CPU = Debug|Any CPU
		Release|Any CPU = Release|Any CPU
	EndGlobalSection
	GlobalSection(ProjectConfigurationPlatforms) = postSolution
		{B82A91DD-4FD9-491A-A09B-744C1157DA08}.Debug|Any CPU.ActiveCfg = Debug|Any CPU
		{B82A91DD-4FD9-491A-A09B-744C1157DA08}.Debug|Any CPU.Build.0 = Debug|Any CPU
		{B82A91DD-4FD9-491A-A09B-744C1157DA08}.Release|Any CPU.ActiveCfg = Release|Any CPU
		{B82A91DD-4FD9-491A-A09B-744C1157DA08}.Release|Any CPU.Build.0 = Release|Any CPU
	EndGlobalSection
	GlobalSection(SolutionProperties) = preSolution
		HideSolutionNode = FALSE
	EndGlobalSection
	GlobalSection(ExtensibilityGlobals) = postSolution
		SolutionGuid = {F1977258-E257-4B19-8658-F098118DE25D}
	EndGlobalSection
EndGlobal
