
Microsoft Visual Studio Solution File, Format Version 12.00
# Visual Studio Version 17
VisualStudioVersion = 17.7.34009.444
MinimumVisualStudioVersion = 10.0.40219.1
Project("{9A19103F-16F7-4668-BE54-9A1E7A4F7556}") = "01-ASP.NET Core", "01-ASP.NET Core\01-ASP.NET Core.csproj", "{B82A91DD-4FD9-491A-A09B-744C1157DA08}"
EndProject
Project("{9A19103F-16F7-4668-BE54-9A1E7A4F7556}") = "02-前后端分离", "02-前后端分离\02-前后端分离.csproj", "{707AC302-2353-452E-8EC6-4235E2A04BBD}"
EndProject
Project("{2150E333-8FDC-42A3-9474-1A3956D46DE8}") = "01-测试依赖注入", "01-测试依赖注入", "{9390ED62-C94A-4C4C-9437-8A4C67E46BA3}"
EndProject
Project("{FAE04EC0-301F-11D3-BF4B-00C04F79EFBC}") = "ClassLibrary1", "ClassLibrary1\ClassLibrary1.csproj", "{273AB7ED-A13A-4A33-B05D-D8B8282CE751}"
EndProject
Project("{FAE04EC0-301F-11D3-BF4B-00C04F79EFBC}") = "ClassLibrary2", "ClassLibrary2\ClassLibrary2.csproj", "{ED7DFD99-50C1-40EC-8F47-9114C9DE0CFB}"
EndProject
Global
	GlobalSection(SolutionConfigurationPlatforms) = preSolution
		Debug|Any CPU = Debug|Any CPU
		Release|Any CPU = Release|Any CPU
	EndGlobalSection
	GlobalSection(ProjectConfigurationPlatforms) = postSolution
		{B82A91DD-4FD9-491A-A09B-744C1157DA08}.Debug|Any CPU.ActiveCfg = Debug|Any CPU
		{B82A91DD-4FD9-491A-A09B-744C1157DA08}.Debug|Any CPU.Build.0 = Debug|Any CPU
		{B82A91DD-4FD9-491A-A09B-744C1157DA08}.Release|Any CPU.ActiveCfg = Release|Any CPU
		{B82A91DD-4FD9-491A-A09B-744C1157DA08}.Release|Any CPU.Build.0 = Release|Any CPU
		{707AC302-2353-452E-8EC6-4235E2A04BBD}.Debug|Any CPU.ActiveCfg = Debug|Any CPU
		{707AC302-2353-452E-8EC6-4235E2A04BBD}.Debug|Any CPU.Build.0 = Debug|Any CPU
		{707AC302-2353-452E-8EC6-4235E2A04BBD}.Release|Any CPU.ActiveCfg = Release|Any CPU
		{707AC302-2353-452E-8EC6-4235E2A04BBD}.Release|Any CPU.Build.0 = Release|Any CPU
		{273AB7ED-A13A-4A33-B05D-D8B8282CE751}.Debug|Any CPU.ActiveCfg = Debug|Any CPU
		{273AB7ED-A13A-4A33-B05D-D8B8282CE751}.Debug|Any CPU.Build.0 = Debug|Any CPU
		{273AB7ED-A13A-4A33-B05D-D8B8282CE751}.Release|Any CPU.ActiveCfg = Release|Any CPU
		{273AB7ED-A13A-4A33-B05D-D8B8282CE751}.Release|Any CPU.Build.0 = Release|Any CPU
		{ED7DFD99-50C1-40EC-8F47-9114C9DE0CFB}.Debug|Any CPU.ActiveCfg = Debug|Any CPU
		{ED7DFD99-50C1-40EC-8F47-9114C9DE0CFB}.Debug|Any CPU.Build.0 = Debug|Any CPU
		{ED7DFD99-50C1-40EC-8F47-9114C9DE0CFB}.Release|Any CPU.ActiveCfg = Release|Any CPU
		{ED7DFD99-50C1-40EC-8F47-9114C9DE0CFB}.Release|Any CPU.Build.0 = Release|Any CPU
	EndGlobalSection
	GlobalSection(SolutionProperties) = preSolution
		HideSolutionNode = FALSE
	EndGlobalSection
	GlobalSection(NestedProjects) = preSolution
		{273AB7ED-A13A-4A33-B05D-D8B8282CE751} = {9390ED62-C94A-4C4C-9437-8A4C67E46BA3}
		{ED7DFD99-50C1-40EC-8F47-9114C9DE0CFB} = {9390ED62-C94A-4C4C-9437-8A4C67E46BA3}
	EndGlobalSection
	GlobalSection(ExtensibilityGlobals) = postSolution
		SolutionGuid = {F1977258-E257-4B19-8658-F098118DE25D}
	EndGlobalSection
EndGlobal
