
Microsoft Visual Studio Solution File, Format Version 12.00
# Visual Studio Version 17
VisualStudioVersion = 17.7.34018.315
MinimumVisualStudioVersion = 10.0.40219.1
Project("{9A19103F-16F7-4668-BE54-9A1E7A4F7556}") = "Identity", "Identity\Identity.csproj", "{A2EB8CD1-C0BD-4F1D-A25B-8DFD75A5AC8C}"
EndProject
Project("{9A19103F-16F7-4668-BE54-9A1E7A4F7556}") = "生成JWT", "生成JWT\生成JWT.csproj", "{3F28615F-BBD7-4DB1-9FAA-4C5CDD508831}"
EndProject
Project("{9A19103F-16F7-4668-BE54-9A1E7A4F7556}") = "JWT解码", "JWT解码\JWT解码.csproj", "{ACB89D96-2406-4A20-9CD9-11DC27C13919}"
EndProject
Project("{9A19103F-16F7-4668-BE54-9A1E7A4F7556}") = "JWT封装", "JWT封装\JWT封装.csproj", "{DF19D13A-1A11-4667-A0AB-AFFABD0F3525}"
EndProject
Project("{FAE04EC0-301F-11D3-BF4B-00C04F79EFBC}") = "托管服务", "托管服务\托管服务.csproj", "{836A4999-CEC1-4692-9E66-63C57BBC4158}"
EndProject
Global
	GlobalSection(SolutionConfigurationPlatforms) = preSolution
		Debug|Any CPU = Debug|Any CPU
		Release|Any CPU = Release|Any CPU
	EndGlobalSection
	GlobalSection(ProjectConfigurationPlatforms) = postSolution
		{A2EB8CD1-C0BD-4F1D-A25B-8DFD75A5AC8C}.Debug|Any CPU.ActiveCfg = Debug|Any CPU
		{A2EB8CD1-C0BD-4F1D-A25B-8DFD75A5AC8C}.Debug|Any CPU.Build.0 = Debug|Any CPU
		{A2EB8CD1-C0BD-4F1D-A25B-8DFD75A5AC8C}.Release|Any CPU.ActiveCfg = Release|Any CPU
		{A2EB8CD1-C0BD-4F1D-A25B-8DFD75A5AC8C}.Release|Any CPU.Build.0 = Release|Any CPU
		{3F28615F-BBD7-4DB1-9FAA-4C5CDD508831}.Debug|Any CPU.ActiveCfg = Debug|Any CPU
		{3F28615F-BBD7-4DB1-9FAA-4C5CDD508831}.Debug|Any CPU.Build.0 = Debug|Any CPU
		{3F28615F-BBD7-4DB1-9FAA-4C5CDD508831}.Release|Any CPU.ActiveCfg = Release|Any CPU
		{3F28615F-BBD7-4DB1-9FAA-4C5CDD508831}.Release|Any CPU.Build.0 = Release|Any CPU
		{ACB89D96-2406-4A20-9CD9-11DC27C13919}.Debug|Any CPU.ActiveCfg = Debug|Any CPU
		{ACB89D96-2406-4A20-9CD9-11DC27C13919}.Debug|Any CPU.Build.0 = Debug|Any CPU
		{ACB89D96-2406-4A20-9CD9-11DC27C13919}.Release|Any CPU.ActiveCfg = Release|Any CPU
		{ACB89D96-2406-4A20-9CD9-11DC27C13919}.Release|Any CPU.Build.0 = Release|Any CPU
		{DF19D13A-1A11-4667-A0AB-AFFABD0F3525}.Debug|Any CPU.ActiveCfg = Debug|Any CPU
		{DF19D13A-1A11-4667-A0AB-AFFABD0F3525}.Debug|Any CPU.Build.0 = Debug|Any CPU
		{DF19D13A-1A11-4667-A0AB-AFFABD0F3525}.Release|Any CPU.ActiveCfg = Release|Any CPU
		{DF19D13A-1A11-4667-A0AB-AFFABD0F3525}.Release|Any CPU.Build.0 = Release|Any CPU
		{836A4999-CEC1-4692-9E66-63C57BBC4158}.Debug|Any CPU.ActiveCfg = Debug|Any CPU
		{836A4999-CEC1-4692-9E66-63C57BBC4158}.Debug|Any CPU.Build.0 = Debug|Any CPU
		{836A4999-CEC1-4692-9E66-63C57BBC4158}.Release|Any CPU.ActiveCfg = Release|Any CPU
		{836A4999-CEC1-4692-9E66-63C57BBC4158}.Release|Any CPU.Build.0 = Release|Any CPU
	EndGlobalSection
	GlobalSection(SolutionProperties) = preSolution
		HideSolutionNode = FALSE
	EndGlobalSection
	GlobalSection(ExtensibilityGlobals) = postSolution
		SolutionGuid = {D8EE483A-C55B-4C5D-B83A-23820732AE69}
	EndGlobalSection
EndGlobal
